
Microsoft Visual Studio Solution File, Format Version 12.00
# Visual Studio Version 17
VisualStudioVersion = 17.14.36414.22 d17.14
MinimumVisualStudioVersion = 10.0.40219.1
Project("{FAE04EC0-301F-11D3-BF4B-00C04F79EFBC}") = "z1", "z1\z1.csproj", "{0648843C-DADD-48AA-9D97-E4AB945F3153}"
EndProject
Project("{FAE04EC0-301F-11D3-BF4B-00C04F79EFBC}") = "z2", "z2\z2.csproj", "{2C66CF96-7BCF-44DB-903E-64FDBBF03219}"
EndProject
Project("{FAE04EC0-301F-11D3-BF4B-00C04F79EFBC}") = "z3", "z3\z3.csproj", "{33D61A39-AC08-461A-A2F6-D86E52403649}"
EndProject
Global
	GlobalSection(SolutionConfigurationPlatforms) = preSolution
		Debug|Any CPU = Debug|Any CPU
		Release|Any CPU = Release|Any CPU
	EndGlobalSection
	GlobalSection(ProjectConfigurationPlatforms) = postSolution
		{0648843C-DADD-48AA-9D97-E4AB945F3153}.Debug|Any CPU.ActiveCfg = Debug|Any CPU
		{0648843C-DADD-48AA-9D97-E4AB945F3153}.Debug|Any CPU.Build.0 = Debug|Any CPU
		{0648843C-DADD-48AA-9D97-E4AB945F3153}.Release|Any CPU.ActiveCfg = Release|Any CPU
		{0648843C-DADD-48AA-9D97-E4AB945F3153}.Release|Any CPU.Build.0 = Release|Any CPU
		{2C66CF96-7BCF-44DB-903E-64FDBBF03219}.Debug|Any CPU.ActiveCfg = Debug|Any CPU
		{2C66CF96-7BCF-44DB-903E-64FDBBF03219}.Debug|Any CPU.Build.0 = Debug|Any CPU
		{2C66CF96-7BCF-44DB-903E-64FDBBF03219}.Release|Any CPU.ActiveCfg = Release|Any CPU
		{2C66CF96-7BCF-44DB-903E-64FDBBF03219}.Release|Any CPU.Build.0 = Release|Any CPU
		{33D61A39-AC08-461A-A2F6-D86E52403649}.Debug|Any CPU.ActiveCfg = Debug|Any CPU
		{33D61A39-AC08-461A-A2F6-D86E52403649}.Debug|Any CPU.Build.0 = Debug|Any CPU
		{33D61A39-AC08-461A-A2F6-D86E52403649}.Release|Any CPU.ActiveCfg = Release|Any CPU
		{33D61A39-AC08-461A-A2F6-D86E52403649}.Release|Any CPU.Build.0 = Release|Any CPU
	EndGlobalSection
	GlobalSection(SolutionProperties) = preSolution
		HideSolutionNode = FALSE
	EndGlobalSection
	GlobalSection(ExtensibilityGlobals) = postSolution
		SolutionGuid = {93363D7E-8FED-4154-BEBC-333A30F620C7}
	EndGlobalSection
EndGlobal
