
Microsoft Visual Studio Solution File, Format Version 12.00
# Visual Studio Version 17
VisualStudioVersion = 17.14.36414.22 d17.14
MinimumVisualStudioVersion = 10.0.40219.1
Project("{FAE04EC0-301F-11D3-BF4B-00C04F79EFBC}") = "z1", "z1\z1.csproj", "{2053E5EA-1B5A-41F6-AA70-6C52C860F9E0}"
EndProject
Global
	GlobalSection(SolutionConfigurationPlatforms) = preSolution
		Debug|Any CPU = Debug|Any CPU
		Release|Any CPU = Release|Any CPU
	EndGlobalSection
	GlobalSection(ProjectConfigurationPlatforms) = postSolution
		{2053E5EA-1B5A-41F6-AA70-6C52C860F9E0}.Debug|Any CPU.ActiveCfg = Debug|Any CPU
		{2053E5EA-1B5A-41F6-AA70-6C52C860F9E0}.Debug|Any CPU.Build.0 = Debug|Any CPU
		{2053E5EA-1B5A-41F6-AA70-6C52C860F9E0}.Release|Any CPU.ActiveCfg = Release|Any CPU
		{2053E5EA-1B5A-41F6-AA70-6C52C860F9E0}.Release|Any CPU.Build.0 = Release|Any CPU
	EndGlobalSection
	GlobalSection(SolutionProperties) = preSolution
		HideSolutionNode = FALSE
	EndGlobalSection
	GlobalSection(ExtensibilityGlobals) = postSolution
		SolutionGuid = {A4A1A142-3E8D-486C-93CF-9D8472E09936}
	EndGlobalSection
EndGlobal
