
Microsoft Visual Studio Solution File, Format Version 12.00
# Visual Studio Version 17
VisualStudioVersion = 17.14.36414.22 d17.14
MinimumVisualStudioVersion = 10.0.40219.1
Project("{FAE04EC0-301F-11D3-BF4B-00C04F79EFBC}") = "FinanceApp", "FinanceApp\FinanceApp.csproj", "{CEBFE6EC-8D21-4536-8A9B-401EB507A6F4}"
EndProject
Global
	GlobalSection(SolutionConfigurationPlatforms) = preSolution
		Debug|Any CPU = Debug|Any CPU
		Release|Any CPU = Release|Any CPU
	EndGlobalSection
	GlobalSection(ProjectConfigurationPlatforms) = postSolution
		{CEBFE6EC-8D21-4536-8A9B-401EB507A6F4}.Debug|Any CPU.ActiveCfg = Debug|Any CPU
		{CEBFE6EC-8D21-4536-8A9B-401EB507A6F4}.Debug|Any CPU.Build.0 = Debug|Any CPU
		{CEBFE6EC-8D21-4536-8A9B-401EB507A6F4}.Release|Any CPU.ActiveCfg = Release|Any CPU
		{CEBFE6EC-8D21-4536-8A9B-401EB507A6F4}.Release|Any CPU.Build.0 = Release|Any CPU
	EndGlobalSection
	GlobalSection(SolutionProperties) = preSolution
		HideSolutionNode = FALSE
	EndGlobalSection
	GlobalSection(ExtensibilityGlobals) = postSolution
		SolutionGuid = {BC0C9F5C-1F39-417A-B32E-60CB0CF84DB4}
	EndGlobalSection
EndGlobal
