
Microsoft Visual Studio Solution File, Format Version 12.00
# Visual Studio Version 17
VisualStudioVersion = 17.14.36414.22 d17.14
MinimumVisualStudioVersion = 10.0.40219.1
Project("{FAE04EC0-301F-11D3-BF4B-00C04F79EFBC}") = "z1", "z1\z1.csproj", "{72BF628A-7D82-414A-850B-2B0CA2510180}"
EndProject
Project("{FAE04EC0-301F-11D3-BF4B-00C04F79EFBC}") = "z2", "z2\z2.csproj", "{2CD6CD32-B259-4987-92CF-18BC05084581}"
EndProject
Project("{FAE04EC0-301F-11D3-BF4B-00C04F79EFBC}") = "z3", "z3\z3.csproj", "{69A2DD77-0019-43EE-8F2F-E3BE4FAC5E64}"
EndProject
Project("{FAE04EC0-301F-11D3-BF4B-00C04F79EFBC}") = "z4", "z4\z4.csproj", "{C53AB435-E148-43AE-A1CB-3CE13611A41D}"
EndProject
Global
	GlobalSection(SolutionConfigurationPlatforms) = preSolution
		Debug|Any CPU = Debug|Any CPU
		Release|Any CPU = Release|Any CPU
	EndGlobalSection
	GlobalSection(ProjectConfigurationPlatforms) = postSolution
		{72BF628A-7D82-414A-850B-2B0CA2510180}.Debug|Any CPU.ActiveCfg = Debug|Any CPU
		{72BF628A-7D82-414A-850B-2B0CA2510180}.Debug|Any CPU.Build.0 = Debug|Any CPU
		{72BF628A-7D82-414A-850B-2B0CA2510180}.Release|Any CPU.ActiveCfg = Release|Any CPU
		{72BF628A-7D82-414A-850B-2B0CA2510180}.Release|Any CPU.Build.0 = Release|Any CPU
		{2CD6CD32-B259-4987-92CF-18BC05084581}.Debug|Any CPU.ActiveCfg = Debug|Any CPU
		{2CD6CD32-B259-4987-92CF-18BC05084581}.Debug|Any CPU.Build.0 = Debug|Any CPU
		{2CD6CD32-B259-4987-92CF-18BC05084581}.Release|Any CPU.ActiveCfg = Release|Any CPU
		{2CD6CD32-B259-4987-92CF-18BC05084581}.Release|Any CPU.Build.0 = Release|Any CPU
		{69A2DD77-0019-43EE-8F2F-E3BE4FAC5E64}.Debug|Any CPU.ActiveCfg = Debug|Any CPU
		{69A2DD77-0019-43EE-8F2F-E3BE4FAC5E64}.Debug|Any CPU.Build.0 = Debug|Any CPU
		{69A2DD77-0019-43EE-8F2F-E3BE4FAC5E64}.Release|Any CPU.ActiveCfg = Release|Any CPU
		{69A2DD77-0019-43EE-8F2F-E3BE4FAC5E64}.Release|Any CPU.Build.0 = Release|Any CPU
		{C53AB435-E148-43AE-A1CB-3CE13611A41D}.Debug|Any CPU.ActiveCfg = Debug|Any CPU
		{C53AB435-E148-43AE-A1CB-3CE13611A41D}.Debug|Any CPU.Build.0 = Debug|Any CPU
		{C53AB435-E148-43AE-A1CB-3CE13611A41D}.Release|Any CPU.ActiveCfg = Release|Any CPU
		{C53AB435-E148-43AE-A1CB-3CE13611A41D}.Release|Any CPU.Build.0 = Release|Any CPU
	EndGlobalSection
	GlobalSection(SolutionProperties) = preSolution
		HideSolutionNode = FALSE
	EndGlobalSection
	GlobalSection(ExtensibilityGlobals) = postSolution
		SolutionGuid = {FCB14AF4-E2CD-4345-99EE-E0D9EB6F710A}
	EndGlobalSection
EndGlobal
